
Microsoft Visual Studio Solution File, Format Version 12.00
# Visual Studio Version 17
VisualStudioVersion = 17.14.36310.24 d17.14
MinimumVisualStudioVersion = 10.0.40219.1
Project("{FAE04EC0-301F-11D3-BF4B-00C04F79EFBC}") = "staj_proje", "staj_proje\staj_proje.csproj", "{510B147E-56CC-4E46-A94A-40705F07D2EB}"
EndProject
Global
	GlobalSection(SolutionConfigurationPlatforms) = preSolution
		Debug|Any CPU = Debug|Any CPU
		Release|Any CPU = Release|Any CPU
	EndGlobalSection
	GlobalSection(ProjectConfigurationPlatforms) = postSolution
		{510B147E-56CC-4E46-A94A-40705F07D2EB}.Debug|Any CPU.ActiveCfg = Debug|Any CPU
		{510B147E-56CC-4E46-A94A-40705F07D2EB}.Debug|Any CPU.Build.0 = Debug|Any CPU
		{510B147E-56CC-4E46-A94A-40705F07D2EB}.Release|Any CPU.ActiveCfg = Release|Any CPU
		{510B147E-56CC-4E46-A94A-40705F07D2EB}.Release|Any CPU.Build.0 = Release|Any CPU
	EndGlobalSection
	GlobalSection(SolutionProperties) = preSolution
		HideSolutionNode = FALSE
	EndGlobalSection
	GlobalSection(ExtensibilityGlobals) = postSolution
		SolutionGuid = {C6502197-0E28-4359-8050-C8EB2ACE2989}
	EndGlobalSection
EndGlobal
